
Microsoft Visual Studio Solution File, Format Version 12.00
# Visual Studio 14
VisualStudioVersion = 14.0.22823.1
MinimumVisualStudioVersion = 10.0.40219.1
Project("{FAE04EC0-301F-11D3-BF4B-00C04F79EFBC}") = "IonFar.SharePoint.Provisioning", "IonFar.SharePoint.Provisioning\IonFar.SharePoint.Provisioning.csproj", "{A1E4D508-431E-4EAB-8C41-C05A827C7443}"
EndProject
Project("{2150E333-8FDC-42A3-9474-1A3956D46DE8}") = ".nuget", ".nuget", "{7738ABE6-560C-4F8D-9047-20A577B0455A}"
	ProjectSection(SolutionItems) = preProject
		.nuget\NuGet.Config = .nuget\NuGet.Config
		.nuget\NuGet.exe = .nuget\NuGet.exe
	EndProjectSection
EndProject
Project("{2150E333-8FDC-42A3-9474-1A3956D46DE8}") = "Solution Items", "Solution Items", "{C3733D00-804F-485E-8B1D-4C5E76608EA3}"
	ProjectSection(SolutionItems) = preProject
		CreatePackage.cmd = CreatePackage.cmd
	EndProjectSection
EndProject
Global
	GlobalSection(SolutionConfigurationPlatforms) = preSolution
		Debug|Any CPU = Debug|Any CPU
		Release|Any CPU = Release|Any CPU
	EndGlobalSection
	GlobalSection(ProjectConfigurationPlatforms) = postSolution
		{A1E4D508-431E-4EAB-8C41-C05A827C7443}.Debug|Any CPU.ActiveCfg = Debug|Any CPU
		{A1E4D508-431E-4EAB-8C41-C05A827C7443}.Debug|Any CPU.Build.0 = Debug|Any CPU
		{A1E4D508-431E-4EAB-8C41-C05A827C7443}.Release|Any CPU.ActiveCfg = Release|Any CPU
		{A1E4D508-431E-4EAB-8C41-C05A827C7443}.Release|Any CPU.Build.0 = Release|Any CPU
	EndGlobalSection
	GlobalSection(SolutionProperties) = preSolution
		HideSolutionNode = FALSE
	EndGlobalSection
EndGlobal
